
Microsoft Visual Studio Solution File, Format Version 12.00
# Visual Studio Version 17
VisualStudioVersion = 17.14.36310.24 d17.14
MinimumVisualStudioVersion = 10.0.40219.1
Project("{FAE04EC0-301F-11D3-BF4B-00C04F79EFBC}") = "backend", "backend.csproj", "{988039F6-90EB-476D-9920-60CA8F861468}"
EndProject
Global
	GlobalSection(SolutionConfigurationPlatforms) = preSolution
		Debug|Any CPU = Debug|Any CPU
		Release|Any CPU = Release|Any CPU
	EndGlobalSection
	GlobalSection(ProjectConfigurationPlatforms) = postSolution
		{988039F6-90EB-476D-9920-60CA8F861468}.Debug|Any CPU.ActiveCfg = Debug|Any CPU
		{988039F6-90EB-476D-9920-60CA8F861468}.Debug|Any CPU.Build.0 = Debug|Any CPU
		{988039F6-90EB-476D-9920-60CA8F861468}.Release|Any CPU.ActiveCfg = Release|Any CPU
		{988039F6-90EB-476D-9920-60CA8F861468}.Release|Any CPU.Build.0 = Release|Any CPU
	EndGlobalSection
	GlobalSection(SolutionProperties) = preSolution
		HideSolutionNode = FALSE
	EndGlobalSection
	GlobalSection(ExtensibilityGlobals) = postSolution
		SolutionGuid = {00DB7CD6-3C72-4183-80FD-BAC7490FD2CC}
	EndGlobalSection
EndGlobal
